// !$*UTF8*$!
{
	archiveVersion = 1;
	classes = {
	};
	objectVersion = 46;
	objects = {

/* Begin PBXBuildFile section */
		A584E1871A61A2D00010AE00 /* NSPredicateSwifted.h in Headers */ = {isa = PBXBuildFile; fileRef = A584E1861A61A2D00010AE00 /* NSPredicateSwifted.h */; settings = {ATTRIBUTES = (Public, ); }; };
		A584E18D1A61A2D00010AE00 /* NSPredicateSwifted.framework in Frameworks */ = {isa = PBXBuildFile; fileRef = A584E1811A61A2D00010AE00 /* NSPredicateSwifted.framework */; };
		A584E1941A61A2D00010AE00 /* NSPredicateSwiftedTests.swift in Sources */ = {isa = PBXBuildFile; fileRef = A584E1931A61A2D00010AE00 /* NSPredicateSwiftedTests.swift */; };
		A584E19F1A61A3110010AE00 /* NSComparisonPredicate.swift in Sources */ = {isa = PBXBuildFile; fileRef = A584E19D1A61A3110010AE00 /* NSComparisonPredicate.swift */; };
		A584E1A01A61A3110010AE00 /* NSComparisonPredicate.swift in Sources */ = {isa = PBXBuildFile; fileRef = A584E19D1A61A3110010AE00 /* NSComparisonPredicate.swift */; };
		A584E1A11A61A3110010AE00 /* NSCompoundPredicate.swift in Sources */ = {isa = PBXBuildFile; fileRef = A584E19E1A61A3110010AE00 /* NSCompoundPredicate.swift */; };
		A584E1A21A61A3110010AE00 /* NSCompoundPredicate.swift in Sources */ = {isa = PBXBuildFile; fileRef = A584E19E1A61A3110010AE00 /* NSCompoundPredicate.swift */; };
/* End PBXBuildFile section */

/* Begin PBXContainerItemProxy section */
		A584E18E1A61A2D00010AE00 /* PBXContainerItemProxy */ = {
			isa = PBXContainerItemProxy;
			containerPortal = A584E1781A61A2D00010AE00 /* Project object */;
			proxyType = 1;
			remoteGlobalIDString = A584E1801A61A2D00010AE00;
			remoteInfo = NSPredicateSwifted;
		};
/* End PBXContainerItemProxy section */

/* Begin PBXFileReference section */
		A584E1811A61A2D00010AE00 /* NSPredicateSwifted.framework */ = {isa = PBXFileReference; explicitFileType = wrapper.framework; includeInIndex = 0; path = NSPredicateSwifted.framework; sourceTree = BUILT_PRODUCTS_DIR; };
		A584E1851A61A2D00010AE00 /* Info.plist */ = {isa = PBXFileReference; lastKnownFileType = text.plist.xml; path = Info.plist; sourceTree = "<group>"; };
		A584E1861A61A2D00010AE00 /* NSPredicateSwifted.h */ = {isa = PBXFileReference; lastKnownFileType = sourcecode.c.h; path = NSPredicateSwifted.h; sourceTree = "<group>"; };
		A584E18C1A61A2D00010AE00 /* NSPredicateSwiftedTests.xctest */ = {isa = PBXFileReference; explicitFileType = wrapper.cfbundle; includeInIndex = 0; path = NSPredicateSwiftedTests.xctest; sourceTree = BUILT_PRODUCTS_DIR; };
		A584E1921A61A2D00010AE00 /* Info.plist */ = {isa = PBXFileReference; lastKnownFileType = text.plist.xml; path = Info.plist; sourceTree = "<group>"; };
		A584E1931A61A2D00010AE00 /* NSPredicateSwiftedTests.swift */ = {isa = PBXFileReference; lastKnownFileType = sourcecode.swift; path = NSPredicateSwiftedTests.swift; sourceTree = "<group>"; };
		A584E19D1A61A3110010AE00 /* NSComparisonPredicate.swift */ = {isa = PBXFileReference; fileEncoding = 4; lastKnownFileType = sourcecode.swift; path = NSComparisonPredicate.swift; sourceTree = "<group>"; };
		A584E19E1A61A3110010AE00 /* NSCompoundPredicate.swift */ = {isa = PBXFileReference; fileEncoding = 4; lastKnownFileType = sourcecode.swift; path = NSCompoundPredicate.swift; sourceTree = "<group>"; };
/* End PBXFileReference section */

/* Begin PBXFrameworksBuildPhase section */
		A584E17D1A61A2D00010AE00 /* Frameworks */ = {
			isa = PBXFrameworksBuildPhase;
			buildActionMask = 2147483647;
			files = (
			);
			runOnlyForDeploymentPostprocessing = 0;
		};
		A584E1891A61A2D00010AE00 /* Frameworks */ = {
			isa = PBXFrameworksBuildPhase;
			buildActionMask = 2147483647;
			files = (
				A584E18D1A61A2D00010AE00 /* NSPredicateSwifted.framework in Frameworks */,
			);
			runOnlyForDeploymentPostprocessing = 0;
		};
/* End PBXFrameworksBuildPhase section */

/* Begin PBXGroup section */
		A584E1771A61A2D00010AE00 = {
			isa = PBXGroup;
			children = (
				A584E1831A61A2D00010AE00 /* NSPredicateSwifted */,
				A584E1901A61A2D00010AE00 /* NSPredicateSwiftedTests */,
				A584E1821A61A2D00010AE00 /* Products */,
			);
			sourceTree = "<group>";
		};
		A584E1821A61A2D00010AE00 /* Products */ = {
			isa = PBXGroup;
			children = (
				A584E1811A61A2D00010AE00 /* NSPredicateSwifted.framework */,
				A584E18C1A61A2D00010AE00 /* NSPredicateSwiftedTests.xctest */,
			);
			name = Products;
			sourceTree = "<group>";
		};
		A584E1831A61A2D00010AE00 /* NSPredicateSwifted */ = {
			isa = PBXGroup;
			children = (
				A584E1861A61A2D00010AE00 /* NSPredicateSwifted.h */,
				A584E19D1A61A3110010AE00 /* NSComparisonPredicate.swift */,
				A584E19E1A61A3110010AE00 /* NSCompoundPredicate.swift */,
				A584E1841A61A2D00010AE00 /* Supporting Files */,
			);
			path = NSPredicateSwifted;
			sourceTree = "<group>";
		};
		A584E1841A61A2D00010AE00 /* Supporting Files */ = {
			isa = PBXGroup;
			children = (
				A584E1851A61A2D00010AE00 /* Info.plist */,
			);
			name = "Supporting Files";
			sourceTree = "<group>";
		};
		A584E1901A61A2D00010AE00 /* NSPredicateSwiftedTests */ = {
			isa = PBXGroup;
			children = (
				A584E1931A61A2D00010AE00 /* NSPredicateSwiftedTests.swift */,
				A584E1911A61A2D00010AE00 /* Supporting Files */,
			);
			path = NSPredicateSwiftedTests;
			sourceTree = "<group>";
		};
		A584E1911A61A2D00010AE00 /* Supporting Files */ = {
			isa = PBXGroup;
			children = (
				A584E1921A61A2D00010AE00 /* Info.plist */,
			);
			name = "Supporting Files";
			sourceTree = "<group>";
		};
/* End PBXGroup section */

/* Begin PBXHeadersBuildPhase section */
		A584E17E1A61A2D00010AE00 /* Headers */ = {
			isa = PBXHeadersBuildPhase;
			buildActionMask = 2147483647;
			files = (
				A584E1871A61A2D00010AE00 /* NSPredicateSwifted.h in Headers */,
			);
			runOnlyForDeploymentPostprocessing = 0;
		};
/* End PBXHeadersBuildPhase section */

/* Begin PBXNativeTarget section */
		A584E1801A61A2D00010AE00 /* NSPredicateSwifted */ = {
			isa = PBXNativeTarget;
			buildConfigurationList = A584E1971A61A2D00010AE00 /* Build configuration list for PBXNativeTarget "NSPredicateSwifted" */;
			buildPhases = (
				A584E17C1A61A2D00010AE00 /* Sources */,
				A584E17D1A61A2D00010AE00 /* Frameworks */,
				A584E17E1A61A2D00010AE00 /* Headers */,
				A584E17F1A61A2D00010AE00 /* Resources */,
			);
			buildRules = (
			);
			dependencies = (
			);
			name = NSPredicateSwifted;
			productName = NSPredicateSwifted;
			productReference = A584E1811A61A2D00010AE00 /* NSPredicateSwifted.framework */;
			productType = "com.apple.product-type.framework";
		};
		A584E18B1A61A2D00010AE00 /* NSPredicateSwiftedTests */ = {
			isa = PBXNativeTarget;
			buildConfigurationList = A584E19A1A61A2D00010AE00 /* Build configuration list for PBXNativeTarget "NSPredicateSwiftedTests" */;
			buildPhases = (
				A584E1881A61A2D00010AE00 /* Sources */,
				A584E1891A61A2D00010AE00 /* Frameworks */,
				A584E18A1A61A2D00010AE00 /* Resources */,
			);
			buildRules = (
			);
			dependencies = (
				A584E18F1A61A2D00010AE00 /* PBXTargetDependency */,
			);
			name = NSPredicateSwiftedTests;
			productName = NSPredicateSwiftedTests;
			productReference = A584E18C1A61A2D00010AE00 /* NSPredicateSwiftedTests.xctest */;
			productType = "com.apple.product-type.bundle.unit-test";
		};
/* End PBXNativeTarget section */

/* Begin PBXProject section */
		A584E1781A61A2D00010AE00 /* Project object */ = {
			isa = PBXProject;
			attributes = {
				LastUpgradeCheck = 0610;
				ORGANIZATIONNAME = "Tino Heth";
				TargetAttributes = {
					A584E1801A61A2D00010AE00 = {
						CreatedOnToolsVersion = 6.1.1;
					};
					A584E18B1A61A2D00010AE00 = {
						CreatedOnToolsVersion = 6.1.1;
					};
				};
			};
			buildConfigurationList = A584E17B1A61A2D00010AE00 /* Build configuration list for PBXProject "NSPredicateSwifted" */;
			compatibilityVersion = "Xcode 3.2";
			developmentRegion = English;
			hasScannedForEncodings = 0;
			knownRegions = (
				en,
			);
			mainGroup = A584E1771A61A2D00010AE00;
			productRefGroup = A584E1821A61A2D00010AE00 /* Products */;
			projectDirPath = "";
			projectRoot = "";
			targets = (
				A584E1801A61A2D00010AE00 /* NSPredicateSwifted */,
				A584E18B1A61A2D00010AE00 /* NSPredicateSwiftedTests */,
			);
		};
/* End PBXProject section */

/* Begin PBXResourcesBuildPhase section */
		A584E17F1A61A2D00010AE00 /* Resources */ = {
			isa = PBXResourcesBuildPhase;
			buildActionMask = 2147483647;
			files = (
			);
			runOnlyForDeploymentPostprocessing = 0;
		};
		A584E18A1A61A2D00010AE00 /* Resources */ = {
			isa = PBXResourcesBuildPhase;
			buildActionMask = 2147483647;
			files = (
			);
			runOnlyForDeploymentPostprocessing = 0;
		};
/* End PBXResourcesBuildPhase section */

/* Begin PBXSourcesBuildPhase section */
		A584E17C1A61A2D00010AE00 /* Sources */ = {
			isa = PBXSourcesBuildPhase;
			buildActionMask = 2147483647;
			files = (
				A584E19F1A61A3110010AE00 /* NSComparisonPredicate.swift in Sources */,
				A584E1A11A61A3110010AE00 /* NSCompoundPredicate.swift in Sources */,
			);
			runOnlyForDeploymentPostprocessing = 0;
		};
		A584E1881A61A2D00010AE00 /* Sources */ = {
			isa = PBXSourcesBuildPhase;
			buildActionMask = 2147483647;
			files = (
				A584E1A21A61A3110010AE00 /* NSCompoundPredicate.swift in Sources */,
				A584E1941A61A2D00010AE00 /* NSPredicateSwiftedTests.swift in Sources */,
				A584E1A01A61A3110010AE00 /* NSComparisonPredicate.swift in Sources */,
			);
			runOnlyForDeploymentPostprocessing = 0;
		};
/* End PBXSourcesBuildPhase section */

/* Begin PBXTargetDependency section */
		A584E18F1A61A2D00010AE00 /* PBXTargetDependency */ = {
			isa = PBXTargetDependency;
			target = A584E1801A61A2D00010AE00 /* NSPredicateSwifted */;
			targetProxy = A584E18E1A61A2D00010AE00 /* PBXContainerItemProxy */;
		};
/* End PBXTargetDependency section */

/* Begin XCBuildConfiguration section */
		A584E1951A61A2D00010AE00 /* Debug */ = {
			isa = XCBuildConfiguration;
			buildSettings = {
				ALWAYS_SEARCH_USER_PATHS = NO;
				CLANG_CXX_LANGUAGE_STANDARD = "gnu++0x";
				CLANG_CXX_LIBRARY = "libc++";
				CLANG_ENABLE_MODULES = YES;
				CLANG_ENABLE_OBJC_ARC = YES;
				CLANG_WARN_BOOL_CONVERSION = YES;
				CLANG_WARN_CONSTANT_CONVERSION = YES;
				CLANG_WARN_DIRECT_OBJC_ISA_USAGE = YES_ERROR;
				CLANG_WARN_EMPTY_BODY = YES;
				CLANG_WARN_ENUM_CONVERSION = YES;
				CLANG_WARN_INT_CONVERSION = YES;
				CLANG_WARN_OBJC_ROOT_CLASS = YES_ERROR;
				CLANG_WARN_UNREACHABLE_CODE = YES;
				CLANG_WARN__DUPLICATE_METHOD_MATCH = YES;
				"CODE_SIGN_IDENTITY[sdk=iphoneos*]" = "iPhone Developer";
				COPY_PHASE_STRIP = NO;
				CURRENT_PROJECT_VERSION = 1;
				ENABLE_STRICT_OBJC_MSGSEND = YES;
				GCC_C_LANGUAGE_STANDARD = gnu99;
				GCC_DYNAMIC_NO_PIC = NO;
				GCC_OPTIMIZATION_LEVEL = 0;
				GCC_PREPROCESSOR_DEFINITIONS = (
					"DEBUG=1",
					"$(inherited)",
				);
				GCC_SYMBOLS_PRIVATE_EXTERN = NO;
				GCC_WARN_64_TO_32_BIT_CONVERSION = YES;
				GCC_WARN_ABOUT_RETURN_TYPE = YES_ERROR;
				GCC_WARN_UNDECLARED_SELECTOR = YES;
				GCC_WARN_UNINITIALIZED_AUTOS = YES_AGGRESSIVE;
				GCC_WARN_UNUSED_FUNCTION = YES;
				GCC_WARN_UNUSED_VARIABLE = YES;
				IPHONEOS_DEPLOYMENT_TARGET = 8.1;
				MTL_ENABLE_DEBUG_INFO = YES;
				ONLY_ACTIVE_ARCH = YES;
				SDKROOT = iphoneos;
				SWIFT_OPTIMIZATION_LEVEL = "-Onone";
				TARGETED_DEVICE_FAMILY = "1,2";
				VERSIONING_SYSTEM = "apple-generic";
				VERSION_INFO_PREFIX = "";
			};
			name = Debug;
		};
		A584E1961A61A2D00010AE00 /* Release */ = {
			isa = XCBuildConfiguration;
			buildSettings = {
				ALWAYS_SEARCH_USER_PATHS = NO;
				CLANG_CXX_LANGUAGE_STANDARD = "gnu++0x";
				CLANG_CXX_LIBRARY = "libc++";
				CLANG_ENABLE_MODULES = YES;
				CLANG_ENABLE_OBJC_ARC = YES;
				CLANG_WARN_BOOL_CONVERSION = YES;
				CLANG_WARN_CONSTANT_CONVERSION = YES;
				CLANG_WARN_DIRECT_OBJC_ISA_USAGE = YES_ERROR;
				CLANG_WARN_EMPTY_BODY = YES;
				CLANG_WARN_ENUM_CONVERSION = YES;
				CLANG_WARN_INT_CONVERSION = YES;
				CLANG_WARN_OBJC_ROOT_CLASS = YES_ERROR;
				CLANG_WARN_UNREACHABLE_CODE = YES;
				CLANG_WARN__DUPLICATE_METHOD_MATCH = YES;
				"CODE_SIGN_IDENTITY[sdk=iphoneos*]" = "iPhone Developer";
				COPY_PHASE_STRIP = YES;
				CURRENT_PROJECT_VERSION = 1;
				ENABLE_NS_ASSERTIONS = NO;
				ENABLE_STRICT_OBJC_MSGSEND = YES;
				GCC_C_LANGUAGE_STANDARD = gnu99;
				GCC_WARN_64_TO_32_BIT_CONVERSION = YES;
				GCC_WARN_ABOUT_RETURN_TYPE = YES_ERROR;
				GCC_WARN_UNDECLARED_SELECTOR = YES;
				GCC_WARN_UNINITIALIZED_AUTOS = YES_AGGRESSIVE;
				GCC_WARN_UNUSED_FUNCTION = YES;
				GCC_WARN_UNUSED_VARIABLE = YES;
				IPHONEOS_DEPLOYMENT_TARGET = 8.1;
				MTL_ENABLE_DEBUG_INFO = NO;
				SDKROOT = iphoneos;
				TARGETED_DEVICE_FAMILY = "1,2";
				VALIDATE_PRODUCT = YES;
				VERSIONING_SYSTEM = "apple-generic";
				VERSION_INFO_PREFIX = "";
			};
			name = Release;
		};
		A584E1981A61A2D00010AE00 /* Debug */ = {
			isa = XCBuildConfiguration;
			buildSettings = {
				CLANG_ENABLE_MODULES = YES;
				DEFINES_MODULE = YES;
				DYLIB_COMPATIBILITY_VERSION = 1;
				DYLIB_CURRENT_VERSION = 1;
				DYLIB_INSTALL_NAME_BASE = "@rpath";
				INFOPLIST_FILE = NSPredicateSwifted/Info.plist;
				INSTALL_PATH = "$(LOCAL_LIBRARY_DIR)/Frameworks";
				LD_RUNPATH_SEARCH_PATHS = "$(inherited) @executable_path/Frameworks @loader_path/Frameworks";
				PRODUCT_NAME = "$(TARGET_NAME)";
				SKIP_INSTALL = YES;
				SWIFT_OPTIMIZATION_LEVEL = "-Onone";
			};
			name = Debug;
		};
		A584E1991A61A2D00010AE00 /* Release */ = {
			isa = XCBuildConfiguration;
			buildSettings = {
				CLANG_ENABLE_MODULES = YES;
				DEFINES_MODULE = YES;
				DYLIB_COMPATIBILITY_VERSION = 1;
				DYLIB_CURRENT_VERSION = 1;
				DYLIB_INSTALL_NAME_BASE = "@rpath";
				INFOPLIST_FILE = NSPredicateSwifted/Info.plist;
				INSTALL_PATH = "$(LOCAL_LIBRARY_DIR)/Frameworks";
				LD_RUNPATH_SEARCH_PATHS = "$(inherited) @executable_path/Frameworks @loader_path/Frameworks";
				PRODUCT_NAME = "$(TARGET_NAME)";
				SKIP_INSTALL = YES;
			};
			name = Release;
		};
		A584E19B1A61A2D00010AE00 /* Debug */ = {
			isa = XCBuildConfiguration;
			buildSettings = {
				FRAMEWORK_SEARCH_PATHS = (
					"$(SDKROOT)/Developer/Library/Frameworks",
					"$(inherited)",
				);
				GCC_PREPROCESSOR_DEFINITIONS = (
					"DEBUG=1",
					"$(inherited)",
				);
				INFOPLIST_FILE = NSPredicateSwiftedTests/Info.plist;
				LD_RUNPATH_SEARCH_PATHS = "$(inherited) @executable_path/Frameworks @loader_path/Frameworks";
				PRODUCT_NAME = "$(TARGET_NAME)";
			};
			name = Debug;
		};
		A584E19C1A61A2D00010AE00 /* Release */ = {
			isa = XCBuildConfiguration;
			buildSettings = {
				FRAMEWORK_SEARCH_PATHS = (
					"$(SDKROOT)/Developer/Library/Frameworks",
					"$(inherited)",
				);
				INFOPLIST_FILE = NSPredicateSwiftedTests/Info.plist;
				LD_RUNPATH_SEARCH_PATHS = "$(inherited) @executable_path/Frameworks @loader_path/Frameworks";
				PRODUCT_NAME = "$(TARGET_NAME)";
			};
			name = Release;
		};
/* End XCBuildConfiguration section */

/* Begin XCConfigurationList section */
		A584E17B1A61A2D00010AE00 /* Build configuration list for PBXProject "NSPredicateSwifted" */ = {
			isa = XCConfigurationList;
			buildConfigurations = (
				A584E1951A61A2D00010AE00 /* Debug */,
				A584E1961A61A2D00010AE00 /* Release */,
			);
			defaultConfigurationIsVisible = 0;
			defaultConfigurationName = Release;
		};
		A584E1971A61A2D00010AE00 /* Build configuration list for PBXNativeTarget "NSPredicateSwifted" */ = {
			isa = XCConfigurationList;
			buildConfigurations = (
				A584E1981A61A2D00010AE00 /* Debug */,
				A584E1991A61A2D00010AE00 /* Release */,
			);
			defaultConfigurationIsVisible = 0;
		};
		A584E19A1A61A2D00010AE00 /* Build configuration list for PBXNativeTarget "NSPredicateSwiftedTests" */ = {
			isa = XCConfigurationList;
			buildConfigurations = (
				A584E19B1A61A2D00010AE00 /* Debug */,
				A584E19C1A61A2D00010AE00 /* Release */,
			);
			defaultConfigurationIsVisible = 0;
		};
/* End XCConfigurationList section */
	};
	rootObject = A584E1781A61A2D00010AE00 /* Project object */;
}
